
Microsoft Visual Studio Solution File, Format Version 12.00
# Visual Studio 15
VisualStudioVersion = 15.0.26730.10
MinimumVisualStudioVersion = 10.0.40219.1
Project("{FAE04EC0-301F-11D3-BF4B-00C04F79EFBC}") = "A++endance", "A++endance\A++endance.csproj", "{E74F8E47-39E6-4B4E-80F4-982FF5454A9F}"
EndProject
Global
	GlobalSection(SolutionConfigurationPlatforms) = preSolution
		Debug|Any CPU = Debug|Any CPU
		Release|Any CPU = Release|Any CPU
	EndGlobalSection
	GlobalSection(ProjectConfigurationPlatforms) = postSolution
		{E74F8E47-39E6-4B4E-80F4-982FF5454A9F}.Debug|Any CPU.ActiveCfg = Debug|Any CPU
		{E74F8E47-39E6-4B4E-80F4-982FF5454A9F}.Debug|Any CPU.Build.0 = Debug|Any CPU
		{E74F8E47-39E6-4B4E-80F4-982FF5454A9F}.Release|Any CPU.ActiveCfg = Release|Any CPU
		{E74F8E47-39E6-4B4E-80F4-982FF5454A9F}.Release|Any CPU.Build.0 = Release|Any CPU
	EndGlobalSection
	GlobalSection(SolutionProperties) = preSolution
		HideSolutionNode = FALSE
	EndGlobalSection
	GlobalSection(ExtensibilityGlobals) = postSolution
		SolutionGuid = {1E688587-D491-4EA2-A0E4-20C1E2DD18AC}
	EndGlobalSection
EndGlobal
